{
    "_meta": {
        "hash": {
            "sha256": "67df0209b03bd8628aa5cb47be18c6daffb854cb6aaec179e6d73422663c22af"
        },
        "pipfile-spec": 6,
        "requires": {
            "python_version": "3.8"
        },
        "sources": [
            {
                "name": "pypi",
                "url": "https://pypi.org/simple",
                "verify_ssl": true
            }
        ]
    },
    "default": {
        "brotli": {
            "hashes": [
                "sha256:03d20af184290887bdea3f0f78c4f737d126c74dc2f3ccadf07e54ceca3bf208",
                "sha256:0541e747cce78e24ea12d69176f6a7ddb690e62c425e01d31cc065e69ce55b48",
                "sha256:069a121ac97412d1fe506da790b3e69f52254b9df4eb665cd42460c837193354",
                "sha256:0b63b949ff929fbc2d6d3ce0e924c9b93c9785d877a21a1b678877ffbbc4423a",
                "sha256:0c6244521dda65ea562d5a69b9a26120769b7a9fb3db2fe9545935ed6735b128",
                "sha256:11d00ed0a83fa22d29bc6b64ef636c4552ebafcef57154b4ddd132f5638fbd1c",
                "sha256:141bd4d93984070e097521ed07e2575b46f817d08f9fa42b16b9b5f27b5ac088",
                "sha256:19c116e796420b0cee3da1ccec3b764ed2952ccfcc298b55a10e5610ad7885f9",
                "sha256:1ab4fbee0b2d9098c74f3057b2bc055a8bd92ccf02f65944a241b4349229185a",
                "sha256:1ae56aca0402a0f9a3431cddda62ad71666ca9d4dc3a10a142b9dce2e3c0cda3",
                "sha256:224e57f6eac61cc449f498cc5f0e1725ba2071a3d4f48d5d9dffba42db196438",
                "sha256:22fc2a8549ffe699bfba2256ab2ed0421a7b8fadff114a3d201794e45a9ff578",
                "sha256:23032ae55523cc7bccb4f6a0bf368cd25ad9bcdcc1990b64a647e7bbcce9cb5b",
                "sha256:2333e30a5e00fe0fe55903c8832e08ee9c3b1382aacf4db26664a16528d51b4b",
                "sha256:2954c1c23f81c2eaf0b0717d9380bd348578a94161a65b3a2afc62c86467dd68",
                "sha256:2de9d02f5bda03d27ede52e8cfe7b865b066fa49258cbab568720aa5be80a47d",
                "sha256:30924eb4c57903d5a7526b08ef4a584acc22ab1ffa085faceb521521d2de32dd",
                "sha256:316cc9b17edf613ac76b1f1f305d2a748f1b976b033b049a6ecdfd5612c70409",
                "sha256:38025d9f30cf4634f8309c6874ef871b841eb3c347e90b0851f63d1ded5212da",
                "sha256:39da8adedf6942d76dc3e46653e52df937a3c4d6d18fdc94a7c29d263b1f5b50",
                "sha256:3d7954194c36e304e1523f55d7042c59dc53ec20dd4e9ea9d151f1b62b4415c0",
                "sha256:4093c631e96fdd49e0377a9c167bfd75b6d0bad2ace734c6eb20b348bc3ea180",
                "sha256:43ce1b9935bfa1ede40028054d7f48b5469cd02733a365eec8a329ffd342915d",
                "sha256:4d4a848d1837973bf0f4b5e54e3bec977d99be36a7895c61abb659301b02c112",
                "sha256:4ed11165dd45ce798d99a136808a794a748d5dc38511303239d4e2363c0695dc",
                "sha256:510b5b1bfbe20e1a7b3baf5fed9e9451873559a976c1a78eebaa3b86c57b4265",
                "sha256:524f35912131cc2cabb00edfd8d573b07f2d9f21fa824bd3fb19725a9cf06327",
                "sha256:587ca6d3cef6e4e868102672d3bd9dc9698c309ba56d41c2b9c85bbb903cdb95",
                "sha256:5b3cc074004d968722f51e550b41a27be656ec48f8afaeeb45ebf65b561481dd",
                "sha256:5eeb539606f18a0b232d4ba45adccde4125592f3f636a6182b4a8a436548b914",
                "sha256:5f4d5ea15c9382135076d2fb28dde923352fe02951e66935a9efaac8f10e81b0",
                "sha256:5fb2ce4b8045c78ebbc7b8f3c15062e435d47e7393cc57c25115cfd49883747a",
                "sha256:6172447e1b368dcbc458925e5ddaf9113477b0ed542df258d84fa28fc45ceea7",
                "sha256:6c3020404e0b5eefd7c9485ccf8393cfb75ec38ce75586e046573c9dc29967a0",
                "sha256:70051525001750221daa10907c77830bc889cb6d865cc0b813d9db7fefc21451",
                "sha256:7905193081db9bfa73b1219140b3d315831cbff0d8941f22da695832f0dd188f",
                "sha256:7c4855522edb2e6ae7fdb58e07c3ba9111e7621a8956f481c68d5d979c93032e",
                "sha256:7e4c4629ddad63006efa0ef968c8e4751c5868ff0b1c5c40f76524e894c50248",
                "sha256:7f4bf76817c14aa98cc6697ac02f3972cb8c3da93e9ef16b9c66573a68014f91",
                "sha256:81de08ac11bcb85841e440c13611c00b67d3bf82698314928d0b676362546724",
                "sha256:861bf317735688269936f755fa136a99d1ed526883859f86e41a5d43c61d8966",
                "sha256:890b5a14ce214389b2cc36ce82f3093f96f4cc730c1cffdbefff77a7c71f2a97",
                "sha256:89f4988c7203739d48c6f806f1e87a1d96e0806d44f0fba61dba81392c9e474d",
                "sha256:8dadd1314583ec0bf2d1379f7008ad627cd6336625d6679cf2f8e67081b83acf",
                "sha256:901032ff242d479a0efa956d853d16875d42157f98951c0230f69e69f9c09bac",
                "sha256:906bc3a79de8c4ae5b86d3d75a8b77e44404b0f4261714306e3ad248d8ab0951",
                "sha256:919e32f147ae93a09fe064d77d5ebf4e35502a8df75c29fb05788528e330fe74",
                "sha256:929811df5462e182b13920da56c6e0284af407d1de637d8e536c5cd00a7daf60",
                "sha256:949f3b7c29912693cee0afcf09acd6ebc04c57af949d9bf77d6101ebb61e388c",
                "sha256:a090ca607cbb6a34b0391776f0cb48062081f5f60ddcce5d11838e67a01928d1",
                "sha256:a1fd8a29719ccce974d523580987b7f8229aeace506952fa9ce1d53a033873c8",
                "sha256:a37b8f0391212d29b3a91a799c8e4a2855e0576911cdfb2515487e30e322253d",
                "sha256:a3daabb76a78f829cafc365531c972016e4aa8d5b4bf60660ad8ecee19df7ccc",
                "sha256:a469274ad18dc0e4d316eefa616d1d0c2ff9da369af19fa6f3daa4f09671fd61",
                "sha256:a599669fd7c47233438a56936988a2478685e74854088ef5293802123b5b2460",
                "sha256:a743e5a28af5f70f9c080380a5f908d4d21d40e8f0e0c8901604d15cfa9ba751",
                "sha256:a77def80806c421b4b0af06f45d65a136e7ac0bdca3c09d9e2ea4e515367c7e9",
                "sha256:aac0411d20e345dc0920bdec5548e438e999ff68d77564d5e9463a7ca9d3e7b1",
                "sha256:ae15b066e5ad21366600ebec29a7ccbc86812ed267e4b28e860b8ca16a2bc474",
                "sha256:be36e3d172dc816333f33520154d708a2657ea63762ec16b62ece02ab5e4daf2",
                "sha256:c8146669223164fc87a7e3de9f81e9423c67a79d6b3447994dfb9c95da16e2d6",
                "sha256:c8fd5270e906eef71d4a8d19b7c6a43760c6abcfcc10c9101d14eb2357418de9",
                "sha256:caf9ee9a5775f3111642d33b86237b05808dafcd6268faa492250e9b78046eb2",
                "sha256:cdad5b9014d83ca68c25d2e9444e28e967ef16e80f6b436918c700c117a85467",
                "sha256:cdbc1fc1bc0bff1cef838eafe581b55bfbffaed4ed0318b724d0b71d4d377619",
                "sha256:ceb64bbc6eac5a140ca649003756940f8d6a7c444a68af170b3187623b43bebf",
                "sha256:d0c5516f0aed654134a2fc936325cc2e642f8a0e096d075209672eb321cff408",
                "sha256:d143fd47fad1db3d7c27a1b1d66162e855b5d50a89666af46e1679c496e8e579",
                "sha256:d192f0f30804e55db0d0e0a35d83a9fead0e9a359a9ed0285dbacea60cc10a84",
                "sha256:db85ecf4e609a48f4b29055f1e144231b90edc90af7481aa731ba2d059226b1b",
                "sha256:de6551e370ef19f8de1807d0a9aa2cdfdce2e85ce88b122fe9f6b2b076837e59",
                "sha256:e1140c64812cb9b06c922e77f1c26a75ec5e3f0fb2bf92cc8c58720dec276752",
                "sha256:e6a904cb26bfefc2f0a6f240bdf5233be78cd2488900a2f846f3c3ac8489ab80",
                "sha256:e84799f09591700a4154154cab9787452925578841a94321d5ee8fb9a9a328f0",
                "sha256:e93dfc1a1165e385cc8239fab7c036fb2cd8093728cbd85097b284d7b99249a2",
                "sha256:efa8b278894b14d6da122a72fefcebc28445f2d3f880ac59d46c90f4c13be9a3",
                "sha256:f0d8a7a6b5983c2496e364b969f0e526647a06b075d034f3297dc66f3b360c64",
                "sha256:f296c40e23065d0d6650c4aefe7470d2a25fffda489bcc3eb66083f3ac9f6643",
                "sha256:f66b5337fa213f1da0d9000bc8dc0cb5b896b726eefd9c6046f699b169c41b9e",
                "sha256:f733d788519c7e3e71f0855c96618720f5d3d60c3cb829d8bbb722dddce37985",
                "sha256:fce1473f3ccc4187f75b4690cfc922628aed4d3dd013d047f95a9b3919a86596",
                "sha256:fd5f17ff8f14003595ab414e45fce13d073e0762394f957182e69035c9f3d7c2",
                "sha256:fdc3ff3bfccdc6b9cc7c342c03aa2400683f0cb891d46e94b64a197910dc4064"
            ],
            "version": "==1.1.0"
        },
        "east-asian-spacing": {
            "hashes": [
                "sha256:1bd976132846d941868a6fd8e1f32107a62826031a34a74d4f28f1dc5cdf1588",
                "sha256:ba6d54008a984bcbd6070f153038963838907424546c07ca4c4fdc8a3a66c8c7"
            ],
            "index": "pypi",
            "version": "==1.4.2"
        },
        "fonttools": {
            "extras": [
                "woff"
            ],
            "hashes": [
                "sha256:0eb79a2da5eb6457a6f8ab904838454accc7d4cccdaff1fd2bd3a0679ea33d64",
                "sha256:113337c2d29665839b7d90b39f99b3cac731f72a0eda9306165a305c7c31d341",
                "sha256:12a7c247d1b946829bfa2f331107a629ea77dc5391dfd34fdcd78efa61f354ca",
                "sha256:179737095eb98332a2744e8f12037b2977f22948cf23ff96656928923ddf560a",
                "sha256:19b7db825c8adee96fac0692e6e1ecd858cae9affb3b4812cdb9d934a898b29e",
                "sha256:37983b6bdab42c501202500a2be3a572f50d4efe3237e0686ee9d5f794d76b35",
                "sha256:3a35981d90feebeaef05e46e33e6b9e5b5e618504672ca9cd0ff96b171e4bfff",
                "sha256:46a0ec8adbc6ff13494eb0c9c2e643b6f009ce7320cf640de106fb614e4d4360",
                "sha256:4aa79366e442dbca6e2c8595645a3a605d9eeabdb7a094d745ed6106816bef5d",
                "sha256:515607ec756d7865f23070682622c49d922901943697871fc292277cf1e71967",
                "sha256:53eb5091ddc8b1199330bb7b4a8a2e7995ad5d43376cadce84523d8223ef3136",
                "sha256:5d18fc642fd0ac29236ff88ecfccff229ec0386090a839dd3f1162e9a7944a40",
                "sha256:5fb289b7a815638a7613d46bcf324c9106804725b2bb8ad913c12b6958ffc4ec",
                "sha256:62f481ac772fd68901573956231aea3e4b1ad87b9b1089a61613a91e2b50bb9b",
                "sha256:689508b918332fb40ce117131633647731d098b1b10d092234aa959b4251add5",
                "sha256:68a02bbe020dc22ee0540e040117535f06df9358106d3775e8817d826047f3fd",
                "sha256:6ed2662a3d9c832afa36405f8748c250be94ae5dfc5283d668308391f2102861",
                "sha256:7286aed4ea271df9eab8d7a9b29e507094b51397812f7ce051ecd77915a6e26b",
                "sha256:7cc7d685b8eeca7ae69dc6416833fbfea61660684b7089bca666067cb2937dcf",
                "sha256:8708b98c278012ad267ee8a7433baeb809948855e81922878118464b274c909d",
                "sha256:9398f244e28e0596e2ee6024f808b06060109e33ed38dcc9bded452fd9bbb853",
                "sha256:9e36344e48af3e3bde867a1ca54f97c308735dd8697005c2d24a86054a114a71",
                "sha256:a398bdadb055f8de69f62b0fc70625f7cbdab436bbb31eef5816e28cab083ee8",
                "sha256:acb47f6f8680de24c1ab65ebde39dd035768e2a9b571a07c7b8da95f6c8815fd",
                "sha256:be24fcb80493b2c94eae21df70017351851652a37de514de553435b256b2f249",
                "sha256:c391cd5af88aacaf41dd7cfb96eeedfad297b5899a39e12f4c2c3706d0a3329d",
                "sha256:c95b0724a6deea2c8c5d3222191783ced0a2f09bd6d33f93e563f6f1a4b3b3a4",
                "sha256:c9b1ce7a45978b821a06d375b83763b27a3a5e8a2e4570b3065abad240a18760",
                "sha256:db372213d39fa33af667c2aa586a0c1235e88e9c850f5dd5c8e1f17515861868",
                "sha256:db55cbaea02a20b49fefbd8e9d62bd481aaabe1f2301dabc575acc6b358874fa",
                "sha256:ed1a13a27f59d1fc1920394a7f596792e9d546c9ca5a044419dca70c37815d7c",
                "sha256:f2b82f46917d8722e6b5eafeefb4fb585d23babd15d8246c664cd88a5bddd19c",
                "sha256:f2f806990160d1ce42d287aa419df3ffc42dfefe60d473695fb048355fe0c6a0",
                "sha256:f720fa82a11c0f9042376fd509b5ed88dab7e3cd602eee63a1af08883b37342b"
            ],
            "markers": "python_version >= '3.8'",
            "version": "==4.42.1"
        },
        "uharfbuzz": {
            "hashes": [
                "sha256:000395664a15e03abf0f3a6bcdaf0eb0007fd89885c4a84a80d67d45840cb6f4",
                "sha256:039aec549d351f911def371887ac148ec8dcfd031b7a3df06bc9c78d9c4bccc4",
                "sha256:07c5359fd41c775930f1c35b82dbc5e85b6cdfbadc3e6f4b95925b0b3c9621c4",
                "sha256:0d3fe810ef7303fd10163c54e1e031c9f48f9b4c85d0b1f348f18b534affe2c0",
                "sha256:0e70d07b0e553a2ebdb8f57e3f2a976d50a633559946e7fb14f7050207f76f2e",
                "sha256:171754f8dad31d9875d23af8f03d3044b113049c098239940965ba1158365846",
                "sha256:1a34c9b2b9fd25b72369181bbf0ea71c987e8d954760939eed0e5dd3bbfb9506",
                "sha256:23a18bbdb9743eb8f086dd42d53c0b17f95daf5af98c75fdb2cefc4b3beafadf",
                "sha256:26ac0f28a91bfa8d2fbdee0116821acb6a9fd5d61af6f188d550f29c6992e5d9",
                "sha256:2df3aa0fffd9a9d8a5590a700991b111f33a8f409a51e4d78e00da30408e859a",
                "sha256:342174b2fd7d71c761429cd3de410e3ab4a772e2c8113664aafafbe5f4194bf3",
                "sha256:47631b26be05b1ba360bbade6cf4a81e9adc8261e7a56391ff85316710c8b896",
                "sha256:483513fc7f140c50334dac89f553ac6774551a7df9de905653f9c3bf57a10ad2",
                "sha256:55396c46fa66c79db258f81043afd3ad5dc00f6fb5a4ea9f28e316b4b5756b02",
                "sha256:5816ce854190ec0ef3687607eabef10214d782afb9c334a6fb058e89c0520b28",
                "sha256:5bbd3165aa96309322da73db94b80549217971513200a4acc13f273e8404b33a",
                "sha256:5d3a0ab8cdfecdd9e2010bb590117f2c188fd5d2064fd073a87e9b994be12023",
                "sha256:5da8b8b70ab3977c11adfaaaebf4d27717800525701a1a04be80f7b93871d6c0",
                "sha256:62634081325f2dae06ca91fec1b07526758b8cf8e6f04c826785fdabaa2f1589",
                "sha256:640935ed1782c8fbfb0d9acae2d3e46b7355a19c74770159ce83b7dfb44aefad",
                "sha256:65dd8e4e0a96c9d3408c4b88812690fabd165dd8ac20b0464e9ea1e136c73cb3",
                "sha256:662284fe58012e99af7ad8d8895b54d02e9fe3b2f51bcebc9472d4be4d617273",
                "sha256:6633a9b90f5eaf58d975749ce0cac3edfb97efbe5fa75fbb099d9d5a8b179d09",
                "sha256:6988baddfd5fb5547f1d40c53b2bb8475f335660c83ad4e7828957af96d77a3e",
                "sha256:6dc62eab4ed76d8b28c342bb035ad9aae66a935165af866562d3aadebad9eb23",
                "sha256:704184442d0195480bc271c673555fb478aa4dcd1f8f2be4db49b69c839a5fce",
                "sha256:72cebcb0b4aed85fef49ef6dc66ddc4e79636389c401d08d13c9b8c68b60928e",
                "sha256:7330f0ace9b94d525ad0e65429fb266fdc83e9440066107216437a147eb7a451",
                "sha256:754edc43b715ba69fb17f095359ecc8b9f7e0cb386651e20940f656074de6219",
                "sha256:8223c481a65d26b50a3b0dfaff1b1e795b1ce2e684834b817908078fc71c0393",
                "sha256:834a91a0c4da67b7b8d58300574c6e329bcad852f7e1bf4f396b9636720ad1f1",
                "sha256:84c5c0ecf201a1481e94a1b8014aedfb94058b62b9bfb1704f3f262d5cf52e25",
                "sha256:85fac0e71990d399042b632b09e9eed7fa7e4ddbef8de6baf0934a8023a034a0",
                "sha256:8ed295fb29b06a4000d9fe5b1e89cc0ae2c2dd60198e6018d55906e443440a44",
                "sha256:8facf526d7daaf7e46b6db4a3faafcc5d425015f0f3a7af0cb3b8d69f1c143cd",
                "sha256:90468714b8ac3191d26ebc8fedb0e8925bccea3d880ffa3c73732a645a78bebe",
                "sha256:911adae2547b4f77e360b78fd54541b1a46d2b8a8505e17d07b5a95db1131241",
                "sha256:abf827407985826b1fbabb2e645cf0705fc6539fb3566961dd9be8b2f3aaa325",
                "sha256:b334722cfca7ed0d1c2ab80385e58653c35c9eecc483f37b5c802223d0f098a0",
                "sha256:b56a39cfff27a15d379258483bc71132a2b49e4fa7d3c45d89a233570c47c7a7",
                "sha256:b8cea7a18833e1de354aed10d74b7ac2b507e12091fb60d70bf4f9a5c99a096e",
                "sha256:bc9ed021dd29d35218d031ed76388c3e70af201369549b61ae4922f3976bbab3",
                "sha256:bf2292a4f29b574663ed821f05970dd4c9f62e35e4dc726dfe28f457bf8298ba",
                "sha256:c915b50b7de8bf7c00416547aa0d5553569a240b66fb4223e2e32afe7c4b8094",
                "sha256:cf34a9489a1f0732e78522112c22568384166b89f2cf49138e3c3f2aa9fec70c",
                "sha256:d0835f7dae6761146fb2fe6e1cfabd252e9cc1a694439f12819f4ca3939ba670",
                "sha256:d6db1b3ea79d9ed962a7225dbb0d2c4e6c1dde5746a0a518e124cb37971bf4fa",
                "sha256:d93062c4ba2339e1595f2e756fe25ca526db0734577d84a15d849df7c9f366a3",
                "sha256:ef4a38ce0c2626ccda65fa1ece7a6c2673e9d9c823082350151d8335afa49901",
                "sha256:f9580793b4bfe6d28900b117b98d6069485a384f1dd17d03b6e953c088ccd9df",
                "sha256:faa31e85ba9e32c1fbae0c5f131392b193c947f4f58d70f9484e6d266d6af2db"
            ],
            "markers": "python_version >= '3.5'",
            "version": "==0.37.2"
        },
        "zopfli": {
            "hashes": [
                "sha256:0574372283befa5af98fb31407e1fe6822f2f9c437ef69e7fa260e49022d8a65",
                "sha256:082f030b2b7d6d4597ac517816e499c63b92130aa8f4f74a3788ebaa5770f974",
                "sha256:08d105a49576a9e629f53a710f0009c4bf0a1d8a3239a74e41d0944f26e28a61",
                "sha256:09ad5f8d7e0fe1975ca6d9fd5ad61c74233ae277982d3bc8814b599bbeb92f44",
                "sha256:0fbb6e7fc0da56835167e3c83a45b28e99ba14b671ecb8e51100ad03dfffc3d0",
                "sha256:13d151d5c83980f384439c87a5511853890182c05d93444f3cb05e5ceed37d82",
                "sha256:1c5fd29730024f5fb0e2623e3853ca422bd3cf57042389c8e0e771dc47f88084",
                "sha256:1f25f1bb6440ed90a1d458772fa6ce53632f5fb61e435b12ae6b9b39af98d758",
                "sha256:2073b07c3ec4fcbc895bb02565a90f9f31373233979f6be398e82eacbd1105f3",
                "sha256:22b1cfc398a87754730f7e268693c8eb480cb688fd645648fda85614a8b1c08c",
                "sha256:2770cf6b88e9985c79b90fd6d4c15d8dab0caa37c1c3b17773e61ce857eab586",
                "sha256:27f2b58050f84fa059db7a6ec17d98b388c18f9783551e5f97605f790f25e155",
                "sha256:2da6f30632cefda8ebe032fdcb69cf062f5a6435af9d32de82ccef320e0261f5",
                "sha256:31c467a300ba46f55aa0ea958ea388e350eefd039cf15764bf4cd737d5eeb8a6",
                "sha256:39d8a73bee07cf7f2c73e08508bf788bfdf28a527da353b5d3e2a0ee4aaf770c",
                "sha256:3e4675ca4c7b1215b8a53cec1831cbdb6914f91ea2f183817a06fc7b38e27642",
                "sha256:40665bf0bacc8b82652a1af4016648dd69f896afa59fc481c1d19a222aa746ea",
                "sha256:40b830244e6458ef982b4a5ebb0f228986d481408bae557a95eeece2c5ede4e6",
                "sha256:52438999888715a378fc6fe1477ab7813e9e9b58a27a38d2ad7be0e396b1ab2e",
                "sha256:57f93802e5ddb20647747ee4039a2e18a26e91bac4c41d3d75a2b2c97f270549",
                "sha256:5e52aaab3a93470cf0ff2bb2135a8628dda7b70f675c46f35b6a1b30e8e482f4",
                "sha256:6020a3533c6c7be09db9e59c2a8f3f894bf5d8e95cc01890d82114c923317c57",
                "sha256:61a2fcc624e8b038d4fca84ba927dc3f31df53a7284692d46aa44d16fb3f47b2",
                "sha256:61abe5f11400f9c6b22be578091e28dfb9f1a61efaaeaa2da66138b03ee93072",
                "sha256:6225bbc33c4f803cdc1e71e3028af96dd0e1ed3cf061780d1bf05648df616a05",
                "sha256:711d4fde9cb99e1a9158978e9d1624a37cdd170ff057f6340059514fcf38e808",
                "sha256:72349c78da402e6784bd9c5f4aff5cc7017bd969016ec07b656722f7f29fc975",
                "sha256:7463b42a2cee33f0a018bf8f1304da2379d6cb8111aa4e04d8f8590d0f1099e1",
                "sha256:7599ce108386d91a402969cba4f17247e33a594b21cbd662e008414ccb0b4cf7",
                "sha256:7769f6ca73f37dff92159127bd25b0cc7d81d3feb819d355dc7ac01ad05c673d",
                "sha256:78022777139ac973286219e9e085d9496fb6c935502d93a52bd1bed01dfc2002",
                "sha256:7bc89b71d1c4677f708cc162f40a4560f78f5f4c6aa6d884b423df7d38e8ba0b",
                "sha256:7ddcbc258bb5c07ebb7f6ee64c46d4e35c39c6abba2b3dfa72c0ea4daf9e65fc",
                "sha256:7ebb4e1b0f102d431830151041777c55700d12afd1e5adb5bcbce72037c1a10e",
                "sha256:81d61eba5a8e221b297a1dd27f1dae2785a14a5524cc1e144da53705cf90d5c4",
                "sha256:8293062567917201609b28b865289d5ddee55030c779fa9264caae4cc2e00fb3",
                "sha256:84321886cf3e80e086e0f6f7b765975343aafa61165315bb8db514d0bec2d887",
                "sha256:92ca61eaa1df774908c173683e23c512189bf791a7ebb49fac61324658cff490",
                "sha256:975d45745cf6c3e3b61127e0140dcf145fa515f2021f669bd82768937b7bb1fb",
                "sha256:978395a4ce5cc46db29a36cdb80549b564dc7706237abaca5aac328dd5842f65",
                "sha256:97d2f993142fed4f9c11c1766eb53409efe7298c755cf4599c171bfedcbaddae",
                "sha256:9dcf7af42c11b3cf5d3fbf665799e10f54f66caea2020fe304602df83b9a1a69",
                "sha256:ad2a98890045d13b0cdc93c1637990c211dc877493469afc61a097a00a70cf22",
                "sha256:ae890df6e5f1e8fa0697cafd848826decce0ac53e54e5a018fd97775e3a354c0",
                "sha256:b30a922b9d73f22da2b589b35e594dcc6d144eb38ad890c542f2b92902ba9892",
                "sha256:c1afe5ba0d957e462afbd3da116ac1a2a6d23e8a94436a95b692c5c324694a16",
                "sha256:c3c61787a90439cf68f751b2a1ab789b0805876c0cd9b58398adc212d1eeace5",
                "sha256:c6555293e42e7a9154940bb18613de2abce21a855780baff8a6c372e395c59b3",
                "sha256:ca9a6df3d11c2f8f0356c141523c4914a2850dd39fc213d968c0272db635eea9",
                "sha256:d0a8e556916088fadb098ddb6eed034d5c2df3b8fba7f2488e87e8c224002eca",
                "sha256:d40373db61883f6fc8b7040c9196a16f737e3063632afd15e8b3f25e871a30e8",
                "sha256:dbc9841bedd736041eb5e6982cd92da93bee145745f5422f3795f6f258cdc6ef",
                "sha256:dc59299eda2aaf57f0ee5c4b42ada0b80e3dc4c09c5bdda8ee9ae5cf93fafa9e",
                "sha256:deffa15253a43a597e8ebf82ca1908bd70b3bf899da163b017d49ddd5e12732a",
                "sha256:e4068d4d35b2e63898d22e1b7777d986b8f5d61fe83a77973730ce9cff1b4ba1",
                "sha256:e5f62ca9a947f09f531c721e2a3f2e0094523436b8eb5df18d71245c1924f89a",
                "sha256:eef08c02295bb99c7fdca380c52e5454fa1c08025fb0bea2c7ae6c0e1e9c034b",
                "sha256:f07997453e7777e19ef0a2445cc1b90e1bb90c623dd77554325932dea6350fee",
                "sha256:f48de4818c10c539fdd01276512043ae4ae738e0301e9cace1dd38f4bcffad6a",
                "sha256:f69b161b4d49e256ab285c6c6ee1cf217fda864a9b175d24fa0a0b8c2de9ff13",
                "sha256:ff86a2cd6b9864027861a129d6d73231b6d463f0d364ca0fdca4492390357cba"
            ],
            "version": "==0.2.3"
        }
    },
    "develop": {}
}
